
Microsoft Visual Studio Solution File, Format Version 12.00
# Visual Studio 15
VisualStudioVersion = 15.0.26430.12
MinimumVisualStudioVersion = 10.0.40219.1
Project("{FAE04EC0-301F-11D3-BF4B-00C04F79EFBC}") = "HashTables", "ClassLibrary1\HashTables.csproj", "{5AE2FDC2-F6EB-4598-98C1-5F1760E21CEB}"
EndProject
Project("{FAE04EC0-301F-11D3-BF4B-00C04F79EFBC}") = "ConsoleApplication1", "ConsoleApplication1\ConsoleApplication1.csproj", "{824D0EAC-E6ED-4D5C-86F1-8BA4B72DDC0D}"
EndProject
Project("{9A19103F-16F7-4668-BE54-9A1E7A4F7556}") = "ArraysAndStrings", "Arrays and Strings\ArraysAndStrings.csproj", "{5F09BE30-7A1F-4385-A825-AFD4B74EE5A1}"
EndProject
Project("{9A19103F-16F7-4668-BE54-9A1E7A4F7556}") = "LinkedLists", "LinkedLists\LinkedLists.csproj", "{45C35B04-4D93-4F9C-912B-014708566944}"
EndProject
Project("{9A19103F-16F7-4668-BE54-9A1E7A4F7556}") = "StacksAndQueues", "StacksAndQueues\StacksAndQueues.csproj", "{755613D3-282A-4D5F-9A41-0F41DAFD2ACB}"
EndProject
Project("{9A19103F-16F7-4668-BE54-9A1E7A4F7556}") = "Trees", "Trees\Trees.csproj", "{6BBCD341-DCF8-4122-BB8A-2F56BE31DF9C}"
EndProject
Project("{9A19103F-16F7-4668-BE54-9A1E7A4F7556}") = "DesignPatternLibrary", "DesignPatternLibrary\DesignPatternLibrary.csproj", "{6B92EB04-E187-4D41-8020-70C4546F58C4}"
EndProject
Project("{FAE04EC0-301F-11D3-BF4B-00C04F79EFBC}") = "InterestingProgrammingProblems", "InterestingProblems\InterestingProgrammingProblems.csproj", "{8F0EC8F9-2428-4AA9-92DE-C090187A0C38}"
EndProject
Project("{FAE04EC0-301F-11D3-BF4B-00C04F79EFBC}") = "MVCSampleApp", "MVCSampleApp\MVCSampleApp.csproj", "{35F846E6-F99C-4A03-B7AE-25A945805305}"
EndProject
Project("{FAE04EC0-301F-11D3-BF4B-00C04F79EFBC}") = "WebApiSampleApp", "WebApiSampleApp\WebApiSampleApp.csproj", "{34C9D132-57D2-49C7-A2EB-C8966906A36E}"
EndProject
Project("{2150E333-8FDC-42A3-9474-1A3956D46DE8}") = "Data Structures", "Data Structures", "{0176E756-4FCF-419B-A5A9-10F0A5EC06D1}"
	ProjectSection(SolutionItems) = preProject
		ClassLibrary1\ReadMe.txt = ClassLibrary1\ReadMe.txt
	EndProjectSection
EndProject
Project("{2150E333-8FDC-42A3-9474-1A3956D46DE8}") = "Web Applications", "Web Applications", "{D1F42D4F-BA82-4B3B-A45C-B2CE1077276F}"
EndProject
Project("{2150E333-8FDC-42A3-9474-1A3956D46DE8}") = "Design Patterns", "Design Patterns", "{600C809B-64CF-403D-99C4-31531F3BD4DB}"
EndProject
Project("{2150E333-8FDC-42A3-9474-1A3956D46DE8}") = "Programming Problems", "Programming Problems", "{A50CF68C-F2F9-4942-9E8E-D4E8127C0CE4}"
EndProject
Project("{2150E333-8FDC-42A3-9474-1A3956D46DE8}") = "WPF Application", "WPF Application", "{5ACF5F00-D8EE-46F5-824E-CE8FB144BC80}"
EndProject
Project("{2150E333-8FDC-42A3-9474-1A3956D46DE8}") = "WCF Application", "WCF Application", "{C64A0209-4FE4-4454-8798-50BE9C9A264C}"
EndProject
Project("{2150E333-8FDC-42A3-9474-1A3956D46DE8}") = "Tools and Utilities", "Tools and Utilities", "{221357F2-4003-440C-815A-753747465FCA}"
EndProject
Project("{2150E333-8FDC-42A3-9474-1A3956D46DE8}") = "Scripts", "Scripts", "{2A466E2A-EB4F-450E-A9AE-722FBA215790}"
EndProject
Project("{FAE04EC0-301F-11D3-BF4B-00C04F79EFBC}") = "WPFSampleApplication", "WPFSampleApplication\WPFSampleApplication.csproj", "{D5DBE20A-25B7-46E1-A710-E3AA86261D72}"
EndProject
Project("{2150E333-8FDC-42A3-9474-1A3956D46DE8}") = "CSharp Constructs", "CSharp Constructs", "{7212D542-7772-4310-B0DA-FC5DCD3F2229}"
EndProject
Project("{FAE04EC0-301F-11D3-BF4B-00C04F79EFBC}") = "CSharpConstructs", "CSharpConstructs\CSharpConstructs.csproj", "{DBA0A408-7C74-4B93-8A2F-0A5E4924706F}"
EndProject
Project("{2150E333-8FDC-42A3-9474-1A3956D46DE8}") = "CSharp Algo", "CSharp Algo", "{0AF5513A-D409-4FFC-B049-40052BC99D68}"
EndProject
Project("{FAE04EC0-301F-11D3-BF4B-00C04F79EFBC}") = "AlgoLibrary", "ClassLibrary3\AlgoLibrary.csproj", "{FA74777A-5584-4D76-AF76-3B77AE893391}"
EndProject
Global
	GlobalSection(SolutionConfigurationPlatforms) = preSolution
		Debug|Any CPU = Debug|Any CPU
		Release|Any CPU = Release|Any CPU
	EndGlobalSection
	GlobalSection(ProjectConfigurationPlatforms) = postSolution
		{5AE2FDC2-F6EB-4598-98C1-5F1760E21CEB}.Debug|Any CPU.ActiveCfg = Debug|Any CPU
		{5AE2FDC2-F6EB-4598-98C1-5F1760E21CEB}.Debug|Any CPU.Build.0 = Debug|Any CPU
		{5AE2FDC2-F6EB-4598-98C1-5F1760E21CEB}.Release|Any CPU.ActiveCfg = Release|Any CPU
		{5AE2FDC2-F6EB-4598-98C1-5F1760E21CEB}.Release|Any CPU.Build.0 = Release|Any CPU
		{824D0EAC-E6ED-4D5C-86F1-8BA4B72DDC0D}.Debug|Any CPU.ActiveCfg = Debug|Any CPU
		{824D0EAC-E6ED-4D5C-86F1-8BA4B72DDC0D}.Debug|Any CPU.Build.0 = Debug|Any CPU
		{824D0EAC-E6ED-4D5C-86F1-8BA4B72DDC0D}.Release|Any CPU.ActiveCfg = Release|Any CPU
		{824D0EAC-E6ED-4D5C-86F1-8BA4B72DDC0D}.Release|Any CPU.Build.0 = Release|Any CPU
		{5F09BE30-7A1F-4385-A825-AFD4B74EE5A1}.Debug|Any CPU.ActiveCfg = Debug|Any CPU
		{5F09BE30-7A1F-4385-A825-AFD4B74EE5A1}.Debug|Any CPU.Build.0 = Debug|Any CPU
		{5F09BE30-7A1F-4385-A825-AFD4B74EE5A1}.Release|Any CPU.ActiveCfg = Release|Any CPU
		{5F09BE30-7A1F-4385-A825-AFD4B74EE5A1}.Release|Any CPU.Build.0 = Release|Any CPU
		{45C35B04-4D93-4F9C-912B-014708566944}.Debug|Any CPU.ActiveCfg = Debug|Any CPU
		{45C35B04-4D93-4F9C-912B-014708566944}.Debug|Any CPU.Build.0 = Debug|Any CPU
		{45C35B04-4D93-4F9C-912B-014708566944}.Release|Any CPU.ActiveCfg = Release|Any CPU
		{45C35B04-4D93-4F9C-912B-014708566944}.Release|Any CPU.Build.0 = Release|Any CPU
		{755613D3-282A-4D5F-9A41-0F41DAFD2ACB}.Debug|Any CPU.ActiveCfg = Debug|Any CPU
		{755613D3-282A-4D5F-9A41-0F41DAFD2ACB}.Debug|Any CPU.Build.0 = Debug|Any CPU
		{755613D3-282A-4D5F-9A41-0F41DAFD2ACB}.Release|Any CPU.ActiveCfg = Release|Any CPU
		{755613D3-282A-4D5F-9A41-0F41DAFD2ACB}.Release|Any CPU.Build.0 = Release|Any CPU
		{6BBCD341-DCF8-4122-BB8A-2F56BE31DF9C}.Debug|Any CPU.ActiveCfg = Debug|Any CPU
		{6BBCD341-DCF8-4122-BB8A-2F56BE31DF9C}.Debug|Any CPU.Build.0 = Debug|Any CPU
		{6BBCD341-DCF8-4122-BB8A-2F56BE31DF9C}.Release|Any CPU.ActiveCfg = Release|Any CPU
		{6BBCD341-DCF8-4122-BB8A-2F56BE31DF9C}.Release|Any CPU.Build.0 = Release|Any CPU
		{6B92EB04-E187-4D41-8020-70C4546F58C4}.Debug|Any CPU.ActiveCfg = Debug|Any CPU
		{6B92EB04-E187-4D41-8020-70C4546F58C4}.Debug|Any CPU.Build.0 = Debug|Any CPU
		{6B92EB04-E187-4D41-8020-70C4546F58C4}.Release|Any CPU.ActiveCfg = Release|Any CPU
		{6B92EB04-E187-4D41-8020-70C4546F58C4}.Release|Any CPU.Build.0 = Release|Any CPU
		{8F0EC8F9-2428-4AA9-92DE-C090187A0C38}.Debug|Any CPU.ActiveCfg = Debug|Any CPU
		{8F0EC8F9-2428-4AA9-92DE-C090187A0C38}.Debug|Any CPU.Build.0 = Debug|Any CPU
		{8F0EC8F9-2428-4AA9-92DE-C090187A0C38}.Release|Any CPU.ActiveCfg = Release|Any CPU
		{8F0EC8F9-2428-4AA9-92DE-C090187A0C38}.Release|Any CPU.Build.0 = Release|Any CPU
		{35F846E6-F99C-4A03-B7AE-25A945805305}.Debug|Any CPU.ActiveCfg = Debug|Any CPU
		{35F846E6-F99C-4A03-B7AE-25A945805305}.Debug|Any CPU.Build.0 = Debug|Any CPU
		{35F846E6-F99C-4A03-B7AE-25A945805305}.Release|Any CPU.ActiveCfg = Release|Any CPU
		{35F846E6-F99C-4A03-B7AE-25A945805305}.Release|Any CPU.Build.0 = Release|Any CPU
		{34C9D132-57D2-49C7-A2EB-C8966906A36E}.Debug|Any CPU.ActiveCfg = Debug|Any CPU
		{34C9D132-57D2-49C7-A2EB-C8966906A36E}.Debug|Any CPU.Build.0 = Debug|Any CPU
		{34C9D132-57D2-49C7-A2EB-C8966906A36E}.Release|Any CPU.ActiveCfg = Release|Any CPU
		{34C9D132-57D2-49C7-A2EB-C8966906A36E}.Release|Any CPU.Build.0 = Release|Any CPU
		{D5DBE20A-25B7-46E1-A710-E3AA86261D72}.Debug|Any CPU.ActiveCfg = Debug|Any CPU
		{D5DBE20A-25B7-46E1-A710-E3AA86261D72}.Debug|Any CPU.Build.0 = Debug|Any CPU
		{D5DBE20A-25B7-46E1-A710-E3AA86261D72}.Release|Any CPU.ActiveCfg = Release|Any CPU
		{D5DBE20A-25B7-46E1-A710-E3AA86261D72}.Release|Any CPU.Build.0 = Release|Any CPU
		{DBA0A408-7C74-4B93-8A2F-0A5E4924706F}.Debug|Any CPU.ActiveCfg = Debug|Any CPU
		{DBA0A408-7C74-4B93-8A2F-0A5E4924706F}.Debug|Any CPU.Build.0 = Debug|Any CPU
		{DBA0A408-7C74-4B93-8A2F-0A5E4924706F}.Release|Any CPU.ActiveCfg = Release|Any CPU
		{DBA0A408-7C74-4B93-8A2F-0A5E4924706F}.Release|Any CPU.Build.0 = Release|Any CPU
		{FA74777A-5584-4D76-AF76-3B77AE893391}.Debug|Any CPU.ActiveCfg = Debug|Any CPU
		{FA74777A-5584-4D76-AF76-3B77AE893391}.Debug|Any CPU.Build.0 = Debug|Any CPU
		{FA74777A-5584-4D76-AF76-3B77AE893391}.Release|Any CPU.ActiveCfg = Release|Any CPU
		{FA74777A-5584-4D76-AF76-3B77AE893391}.Release|Any CPU.Build.0 = Release|Any CPU
	EndGlobalSection
	GlobalSection(SolutionProperties) = preSolution
		HideSolutionNode = FALSE
	EndGlobalSection
	GlobalSection(NestedProjects) = preSolution
		{5AE2FDC2-F6EB-4598-98C1-5F1760E21CEB} = {0176E756-4FCF-419B-A5A9-10F0A5EC06D1}
		{5F09BE30-7A1F-4385-A825-AFD4B74EE5A1} = {0176E756-4FCF-419B-A5A9-10F0A5EC06D1}
		{45C35B04-4D93-4F9C-912B-014708566944} = {0176E756-4FCF-419B-A5A9-10F0A5EC06D1}
		{755613D3-282A-4D5F-9A41-0F41DAFD2ACB} = {0176E756-4FCF-419B-A5A9-10F0A5EC06D1}
		{6BBCD341-DCF8-4122-BB8A-2F56BE31DF9C} = {0176E756-4FCF-419B-A5A9-10F0A5EC06D1}
		{6B92EB04-E187-4D41-8020-70C4546F58C4} = {600C809B-64CF-403D-99C4-31531F3BD4DB}
		{8F0EC8F9-2428-4AA9-92DE-C090187A0C38} = {A50CF68C-F2F9-4942-9E8E-D4E8127C0CE4}
		{35F846E6-F99C-4A03-B7AE-25A945805305} = {D1F42D4F-BA82-4B3B-A45C-B2CE1077276F}
		{34C9D132-57D2-49C7-A2EB-C8966906A36E} = {D1F42D4F-BA82-4B3B-A45C-B2CE1077276F}
		{D5DBE20A-25B7-46E1-A710-E3AA86261D72} = {5ACF5F00-D8EE-46F5-824E-CE8FB144BC80}
		{DBA0A408-7C74-4B93-8A2F-0A5E4924706F} = {7212D542-7772-4310-B0DA-FC5DCD3F2229}
		{FA74777A-5584-4D76-AF76-3B77AE893391} = {0AF5513A-D409-4FFC-B049-40052BC99D68}
	EndGlobalSection
EndGlobal
